// !$*UTF8*$!
{
	archiveVersion = 1;
	classes = {
	};
	objectVersion = 56;
	objects = {

/* Begin PBXBuildFile section */
		BC300623294B975200294D17 /* GFButton.swift in Sources */ = {isa = PBXBuildFile; fileRef = BC300622294B975200294D17 /* GFButton.swift */; };
		BC300625294B9D0800294D17 /* GFTextField.swift in Sources */ = {isa = PBXBuildFile; fileRef = BC300624294B9D0800294D17 /* GFTextField.swift */; };
		BC5AB363294FA7FA00F1FD3A /* FollowerListVC.swift in Sources */ = {isa = PBXBuildFile; fileRef = BC5AB362294FA7FA00F1FD3A /* FollowerListVC.swift */; };
		BC5AB3652950EC3F00F1FD3A /* GFTitleLabel.swift in Sources */ = {isa = PBXBuildFile; fileRef = BC5AB3642950EC3E00F1FD3A /* GFTitleLabel.swift */; };
		BC5AB3672950EFA400F1FD3A /* GFBodyLabel.swift in Sources */ = {isa = PBXBuildFile; fileRef = BC5AB3662950EFA400F1FD3A /* GFBodyLabel.swift */; };
		BC98120A2921A8B60043ECA3 /* AppDelegate.swift in Sources */ = {isa = PBXBuildFile; fileRef = BC9812092921A8B60043ECA3 /* AppDelegate.swift */; };
		BC98120C2921A8B60043ECA3 /* SceneDelegate.swift in Sources */ = {isa = PBXBuildFile; fileRef = BC98120B2921A8B60043ECA3 /* SceneDelegate.swift */; };
		BC9812132921A8B80043ECA3 /* Assets.xcassets in Resources */ = {isa = PBXBuildFile; fileRef = BC9812122921A8B80043ECA3 /* Assets.xcassets */; };
		BC9812162921A8B80043ECA3 /* LaunchScreen.storyboard in Resources */ = {isa = PBXBuildFile; fileRef = BC9812142921A8B80043ECA3 /* LaunchScreen.storyboard */; };
		BCE3D49D29257BE8004F1442 /* SearchVC.swift in Sources */ = {isa = PBXBuildFile; fileRef = BCE3D49C29257BE8004F1442 /* SearchVC.swift */; };
		BCE3D49F29257C1D004F1442 /* FavoritesListVC.swift in Sources */ = {isa = PBXBuildFile; fileRef = BCE3D49E29257C1D004F1442 /* FavoritesListVC.swift */; };
/* End PBXBuildFile section */

/* Begin PBXFileReference section */
		BC300622294B975200294D17 /* GFButton.swift */ = {isa = PBXFileReference; lastKnownFileType = sourcecode.swift; path = GFButton.swift; sourceTree = "<group>"; };
		BC300624294B9D0800294D17 /* GFTextField.swift */ = {isa = PBXFileReference; lastKnownFileType = sourcecode.swift; path = GFTextField.swift; sourceTree = "<group>"; };
		BC5AB362294FA7FA00F1FD3A /* FollowerListVC.swift */ = {isa = PBXFileReference; lastKnownFileType = sourcecode.swift; path = FollowerListVC.swift; sourceTree = "<group>"; };
		BC5AB3642950EC3E00F1FD3A /* GFTitleLabel.swift */ = {isa = PBXFileReference; lastKnownFileType = sourcecode.swift; path = GFTitleLabel.swift; sourceTree = "<group>"; };
		BC5AB3662950EFA400F1FD3A /* GFBodyLabel.swift */ = {isa = PBXFileReference; lastKnownFileType = sourcecode.swift; path = GFBodyLabel.swift; sourceTree = "<group>"; };
		BC9812062921A8B60043ECA3 /* YourFollowersOnGitHub.app */ = {isa = PBXFileReference; explicitFileType = wrapper.application; includeInIndex = 0; path = YourFollowersOnGitHub.app; sourceTree = BUILT_PRODUCTS_DIR; };
		BC9812092921A8B60043ECA3 /* AppDelegate.swift */ = {isa = PBXFileReference; lastKnownFileType = sourcecode.swift; path = AppDelegate.swift; sourceTree = "<group>"; };
		BC98120B2921A8B60043ECA3 /* SceneDelegate.swift */ = {isa = PBXFileReference; lastKnownFileType = sourcecode.swift; path = SceneDelegate.swift; sourceTree = "<group>"; };
		BC9812122921A8B80043ECA3 /* Assets.xcassets */ = {isa = PBXFileReference; lastKnownFileType = folder.assetcatalog; path = Assets.xcassets; sourceTree = "<group>"; };
		BC9812152921A8B80043ECA3 /* Base */ = {isa = PBXFileReference; lastKnownFileType = file.storyboard; name = Base; path = Base.lproj/LaunchScreen.storyboard; sourceTree = "<group>"; };
		BC9812172921A8B80043ECA3 /* Info.plist */ = {isa = PBXFileReference; lastKnownFileType = text.plist.xml; path = Info.plist; sourceTree = "<group>"; };
		BCE3D49C29257BE8004F1442 /* SearchVC.swift */ = {isa = PBXFileReference; lastKnownFileType = sourcecode.swift; path = SearchVC.swift; sourceTree = "<group>"; };
		BCE3D49E29257C1D004F1442 /* FavoritesListVC.swift */ = {isa = PBXFileReference; lastKnownFileType = sourcecode.swift; path = FavoritesListVC.swift; sourceTree = "<group>"; };
/* End PBXFileReference section */

/* Begin PBXFrameworksBuildPhase section */
		BC9812032921A8B60043ECA3 /* Frameworks */ = {
			isa = PBXFrameworksBuildPhase;
			buildActionMask = 2147483647;
			files = (
			);
			runOnlyForDeploymentPostprocessing = 0;
		};
/* End PBXFrameworksBuildPhase section */

/* Begin PBXGroup section */
		BC9811FD2921A8B60043ECA3 = {
			isa = PBXGroup;
			children = (
				BC9812082921A8B60043ECA3 /* YourFollowersOnGitHub */,
				BC9812072921A8B60043ECA3 /* Products */,
			);
			sourceTree = "<group>";
		};
		BC9812072921A8B60043ECA3 /* Products */ = {
			isa = PBXGroup;
			children = (
				BC9812062921A8B60043ECA3 /* YourFollowersOnGitHub.app */,
			);
			name = Products;
			sourceTree = "<group>";
		};
		BC9812082921A8B60043ECA3 /* YourFollowersOnGitHub */ = {
			isa = PBXGroup;
			children = (
				BC9812092921A8B60043ECA3 /* AppDelegate.swift */,
				BC98120B2921A8B60043ECA3 /* SceneDelegate.swift */,
				BC5AB3662950EFA400F1FD3A /* GFBodyLabel.swift */,
				BC300622294B975200294D17 /* GFButton.swift */,
				BC300624294B9D0800294D17 /* GFTextField.swift */,
				BCE3D49C29257BE8004F1442 /* SearchVC.swift */,
				BC5AB3642950EC3E00F1FD3A /* GFTitleLabel.swift */,
				BC5AB362294FA7FA00F1FD3A /* FollowerListVC.swift */,
				BCE3D49E29257C1D004F1442 /* FavoritesListVC.swift */,
				BC9812122921A8B80043ECA3 /* Assets.xcassets */,
				BC9812142921A8B80043ECA3 /* LaunchScreen.storyboard */,
				BC9812172921A8B80043ECA3 /* Info.plist */,
			);
			path = YourFollowersOnGitHub;
			sourceTree = "<group>";
		};
/* End PBXGroup section */

/* Begin PBXNativeTarget section */
		BC9812052921A8B60043ECA3 /* YourFollowersOnGitHub */ = {
			isa = PBXNativeTarget;
			buildConfigurationList = BC98121A2921A8B80043ECA3 /* Build configuration list for PBXNativeTarget "YourFollowersOnGitHub" */;
			buildPhases = (
				BC9812022921A8B60043ECA3 /* Sources */,
				BC9812032921A8B60043ECA3 /* Frameworks */,
				BC9812042921A8B60043ECA3 /* Resources */,
			);
			buildRules = (
			);
			dependencies = (
			);
			name = YourFollowersOnGitHub;
			productName = YourFollowersOnGitHub;
			productReference = BC9812062921A8B60043ECA3 /* YourFollowersOnGitHub.app */;
			productType = "com.apple.product-type.application";
		};
/* End PBXNativeTarget section */

/* Begin PBXProject section */
		BC9811FE2921A8B60043ECA3 /* Project object */ = {
			isa = PBXProject;
			attributes = {
				BuildIndependentTargetsInParallel = 1;
				LastSwiftUpdateCheck = 1400;
				LastUpgradeCheck = 1400;
				TargetAttributes = {
					BC9812052921A8B60043ECA3 = {
						CreatedOnToolsVersion = 14.0.1;
					};
				};
			};
			buildConfigurationList = BC9812012921A8B60043ECA3 /* Build configuration list for PBXProject "YourFollowersOnGitHub" */;
			compatibilityVersion = "Xcode 14.0";
			developmentRegion = en;
			hasScannedForEncodings = 0;
			knownRegions = (
				en,
				Base,
			);
			mainGroup = BC9811FD2921A8B60043ECA3;
			productRefGroup = BC9812072921A8B60043ECA3 /* Products */;
			projectDirPath = "";
			projectRoot = "";
			targets = (
				BC9812052921A8B60043ECA3 /* YourFollowersOnGitHub */,
			);
		};
/* End PBXProject section */

/* Begin PBXResourcesBuildPhase section */
		BC9812042921A8B60043ECA3 /* Resources */ = {
			isa = PBXResourcesBuildPhase;
			buildActionMask = 2147483647;
			files = (
				BC9812162921A8B80043ECA3 /* LaunchScreen.storyboard in Resources */,
				BC9812132921A8B80043ECA3 /* Assets.xcassets in Resources */,
			);
			runOnlyForDeploymentPostprocessing = 0;
		};
/* End PBXResourcesBuildPhase section */

/* Begin PBXSourcesBuildPhase section */
		BC9812022921A8B60043ECA3 /* Sources */ = {
			isa = PBXSourcesBuildPhase;
			buildActionMask = 2147483647;
			files = (
				BC300625294B9D0800294D17 /* GFTextField.swift in Sources */,
				BCE3D49F29257C1D004F1442 /* FavoritesListVC.swift in Sources */,
				BC300623294B975200294D17 /* GFButton.swift in Sources */,
				BCE3D49D29257BE8004F1442 /* SearchVC.swift in Sources */,
				BC5AB3672950EFA400F1FD3A /* GFBodyLabel.swift in Sources */,
				BC5AB3652950EC3F00F1FD3A /* GFTitleLabel.swift in Sources */,
				BC5AB363294FA7FA00F1FD3A /* FollowerListVC.swift in Sources */,
				BC98120A2921A8B60043ECA3 /* AppDelegate.swift in Sources */,
				BC98120C2921A8B60043ECA3 /* SceneDelegate.swift in Sources */,
			);
			runOnlyForDeploymentPostprocessing = 0;
		};
/* End PBXSourcesBuildPhase section */

/* Begin PBXVariantGroup section */
		BC9812142921A8B80043ECA3 /* LaunchScreen.storyboard */ = {
			isa = PBXVariantGroup;
			children = (
				BC9812152921A8B80043ECA3 /* Base */,
			);
			name = LaunchScreen.storyboard;
			sourceTree = "<group>";
		};
/* End PBXVariantGroup section */

/* Begin XCBuildConfiguration section */
		BC9812182921A8B80043ECA3 /* Debug */ = {
			isa = XCBuildConfiguration;
			buildSettings = {
				ALWAYS_SEARCH_USER_PATHS = NO;
				CLANG_ANALYZER_NONNULL = YES;
				CLANG_ANALYZER_NUMBER_OBJECT_CONVERSION = YES_AGGRESSIVE;
				CLANG_CXX_LANGUAGE_STANDARD = "gnu++20";
				CLANG_ENABLE_MODULES = YES;
				CLANG_ENABLE_OBJC_ARC = YES;
				CLANG_ENABLE_OBJC_WEAK = YES;
				CLANG_WARN_BLOCK_CAPTURE_AUTORELEASING = YES;
				CLANG_WARN_BOOL_CONVERSION = YES;
				CLANG_WARN_COMMA = YES;
				CLANG_WARN_CONSTANT_CONVERSION = YES;
				CLANG_WARN_DEPRECATED_OBJC_IMPLEMENTATIONS = YES;
				CLANG_WARN_DIRECT_OBJC_ISA_USAGE = YES_ERROR;
				CLANG_WARN_DOCUMENTATION_COMMENTS = YES;
				CLANG_WARN_EMPTY_BODY = YES;
				CLANG_WARN_ENUM_CONVERSION = YES;
				CLANG_WARN_INFINITE_RECURSION = YES;
				CLANG_WARN_INT_CONVERSION = YES;
				CLANG_WARN_NON_LITERAL_NULL_CONVERSION = YES;
				CLANG_WARN_OBJC_IMPLICIT_RETAIN_SELF = YES;
				CLANG_WARN_OBJC_LITERAL_CONVERSION = YES;
				CLANG_WARN_OBJC_ROOT_CLASS = YES_ERROR;
				CLANG_WARN_QUOTED_INCLUDE_IN_FRAMEWORK_HEADER = YES;
				CLANG_WARN_RANGE_LOOP_ANALYSIS = YES;
				CLANG_WARN_STRICT_PROTOTYPES = YES;
				CLANG_WARN_SUSPICIOUS_MOVE = YES;
				CLANG_WARN_UNGUARDED_AVAILABILITY = YES_AGGRESSIVE;
				CLANG_WARN_UNREACHABLE_CODE = YES;
				CLANG_WARN__DUPLICATE_METHOD_MATCH = YES;
				COPY_PHASE_STRIP = NO;
				DEBUG_INFORMATION_FORMAT = dwarf;
				ENABLE_STRICT_OBJC_MSGSEND = YES;
				ENABLE_TESTABILITY = YES;
				GCC_C_LANGUAGE_STANDARD = gnu11;
				GCC_DYNAMIC_NO_PIC = NO;
				GCC_NO_COMMON_BLOCKS = YES;
				GCC_OPTIMIZATION_LEVEL = 0;
				GCC_PREPROCESSOR_DEFINITIONS = (
					"DEBUG=1",
					"$(inherited)",
				);
				GCC_WARN_64_TO_32_BIT_CONVERSION = YES;
				GCC_WARN_ABOUT_RETURN_TYPE = YES_ERROR;
				GCC_WARN_UNDECLARED_SELECTOR = YES;
				GCC_WARN_UNINITIALIZED_AUTOS = YES_AGGRESSIVE;
				GCC_WARN_UNUSED_FUNCTION = YES;
				GCC_WARN_UNUSED_VARIABLE = YES;
				IPHONEOS_DEPLOYMENT_TARGET = 16.0;
				MTL_ENABLE_DEBUG_INFO = INCLUDE_SOURCE;
				MTL_FAST_MATH = YES;
				ONLY_ACTIVE_ARCH = YES;
				SDKROOT = iphoneos;
				SWIFT_ACTIVE_COMPILATION_CONDITIONS = DEBUG;
				SWIFT_OPTIMIZATION_LEVEL = "-Onone";
			};
			name = Debug;
		};
		BC9812192921A8B80043ECA3 /* Release */ = {
			isa = XCBuildConfiguration;
			buildSettings = {
				ALWAYS_SEARCH_USER_PATHS = NO;
				CLANG_ANALYZER_NONNULL = YES;
				CLANG_ANALYZER_NUMBER_OBJECT_CONVERSION = YES_AGGRESSIVE;
				CLANG_CXX_LANGUAGE_STANDARD = "gnu++20";
				CLANG_ENABLE_MODULES = YES;
				CLANG_ENABLE_OBJC_ARC = YES;
				CLANG_ENABLE_OBJC_WEAK = YES;
				CLANG_WARN_BLOCK_CAPTURE_AUTORELEASING = YES;
				CLANG_WARN_BOOL_CONVERSION = YES;
				CLANG_WARN_COMMA = YES;
				CLANG_WARN_CONSTANT_CONVERSION = YES;
				CLANG_WARN_DEPRECATED_OBJC_IMPLEMENTATIONS = YES;
				CLANG_WARN_DIRECT_OBJC_ISA_USAGE = YES_ERROR;
				CLANG_WARN_DOCUMENTATION_COMMENTS = YES;
				CLANG_WARN_EMPTY_BODY = YES;
				CLANG_WARN_ENUM_CONVERSION = YES;
				CLANG_WARN_INFINITE_RECURSION = YES;
				CLANG_WARN_INT_CONVERSION = YES;
				CLANG_WARN_NON_LITERAL_NULL_CONVERSION = YES;
				CLANG_WARN_OBJC_IMPLICIT_RETAIN_SELF = YES;
				CLANG_WARN_OBJC_LITERAL_CONVERSION = YES;
				CLANG_WARN_OBJC_ROOT_CLASS = YES_ERROR;
				CLANG_WARN_QUOTED_INCLUDE_IN_FRAMEWORK_HEADER = YES;
				CLANG_WARN_RANGE_LOOP_ANALYSIS = YES;
				CLANG_WARN_STRICT_PROTOTYPES = YES;
				CLANG_WARN_SUSPICIOUS_MOVE = YES;
				CLANG_WARN_UNGUARDED_AVAILABILITY = YES_AGGRESSIVE;
				CLANG_WARN_UNREACHABLE_CODE = YES;
				CLANG_WARN__DUPLICATE_METHOD_MATCH = YES;
				COPY_PHASE_STRIP = NO;
				DEBUG_INFORMATION_FORMAT = "dwarf-with-dsym";
				ENABLE_NS_ASSERTIONS = NO;
				ENABLE_STRICT_OBJC_MSGSEND = YES;
				GCC_C_LANGUAGE_STANDARD = gnu11;
				GCC_NO_COMMON_BLOCKS = YES;
				GCC_WARN_64_TO_32_BIT_CONVERSION = YES;
				GCC_WARN_ABOUT_RETURN_TYPE = YES_ERROR;
				GCC_WARN_UNDECLARED_SELECTOR = YES;
				GCC_WARN_UNINITIALIZED_AUTOS = YES_AGGRESSIVE;
				GCC_WARN_UNUSED_FUNCTION = YES;
				GCC_WARN_UNUSED_VARIABLE = YES;
				IPHONEOS_DEPLOYMENT_TARGET = 16.0;
				MTL_ENABLE_DEBUG_INFO = NO;
				MTL_FAST_MATH = YES;
				SDKROOT = iphoneos;
				SWIFT_COMPILATION_MODE = wholemodule;
				SWIFT_OPTIMIZATION_LEVEL = "-O";
				VALIDATE_PRODUCT = YES;
			};
			name = Release;
		};
		BC98121B2921A8B80043ECA3 /* Debug */ = {
			isa = XCBuildConfiguration;
			buildSettings = {
				ASSETCATALOG_COMPILER_APPICON_NAME = AppIcon;
				ASSETCATALOG_COMPILER_GLOBAL_ACCENT_COLOR_NAME = AccentColor;
				CODE_SIGN_STYLE = Automatic;
				CURRENT_PROJECT_VERSION = 1;
				DEVELOPMENT_TEAM = 5F3426985K;
				GENERATE_INFOPLIST_FILE = YES;
				INFOPLIST_FILE = YourFollowersOnGitHub/Info.plist;
				INFOPLIST_KEY_UIApplicationSupportsIndirectInputEvents = YES;
				INFOPLIST_KEY_UILaunchStoryboardName = LaunchScreen;
				INFOPLIST_KEY_UISupportedInterfaceOrientations = UIInterfaceOrientationPortrait;
				INFOPLIST_KEY_UISupportedInterfaceOrientations_iPad = "UIInterfaceOrientationLandscapeLeft UIInterfaceOrientationLandscapeRight UIInterfaceOrientationPortrait UIInterfaceOrientationPortraitUpsideDown";
				LD_RUNPATH_SEARCH_PATHS = (
					"$(inherited)",
					"@executable_path/Frameworks",
				);
				MARKETING_VERSION = 1.0;
				PRODUCT_BUNDLE_IDENTIFIER = com.leandro.YourFollowersOnGitHub;
				PRODUCT_NAME = "$(TARGET_NAME)";
				SUPPORTED_PLATFORMS = "iphoneos iphonesimulator";
				SUPPORTS_MACCATALYST = NO;
				SUPPORTS_MAC_DESIGNED_FOR_IPHONE_IPAD = YES;
				SWIFT_EMIT_LOC_STRINGS = YES;
				SWIFT_VERSION = 5.0;
				TARGETED_DEVICE_FAMILY = 1;
			};
			name = Debug;
		};
		BC98121C2921A8B80043ECA3 /* Release */ = {
			isa = XCBuildConfiguration;
			buildSettings = {
				ASSETCATALOG_COMPILER_APPICON_NAME = AppIcon;
				ASSETCATALOG_COMPILER_GLOBAL_ACCENT_COLOR_NAME = AccentColor;
				CODE_SIGN_STYLE = Automatic;
				CURRENT_PROJECT_VERSION = 1;
				DEVELOPMENT_TEAM = 5F3426985K;
				GENERATE_INFOPLIST_FILE = YES;
				INFOPLIST_FILE = YourFollowersOnGitHub/Info.plist;
				INFOPLIST_KEY_UIApplicationSupportsIndirectInputEvents = YES;
				INFOPLIST_KEY_UILaunchStoryboardName = LaunchScreen;
				INFOPLIST_KEY_UISupportedInterfaceOrientations = UIInterfaceOrientationPortrait;
				INFOPLIST_KEY_UISupportedInterfaceOrientations_iPad = "UIInterfaceOrientationLandscapeLeft UIInterfaceOrientationLandscapeRight UIInterfaceOrientationPortrait UIInterfaceOrientationPortraitUpsideDown";
				LD_RUNPATH_SEARCH_PATHS = (
					"$(inherited)",
					"@executable_path/Frameworks",
				);
				MARKETING_VERSION = 1.0;
				PRODUCT_BUNDLE_IDENTIFIER = com.leandro.YourFollowersOnGitHub;
				PRODUCT_NAME = "$(TARGET_NAME)";
				SUPPORTED_PLATFORMS = "iphoneos iphonesimulator";
				SUPPORTS_MACCATALYST = NO;
				SUPPORTS_MAC_DESIGNED_FOR_IPHONE_IPAD = YES;
				SWIFT_EMIT_LOC_STRINGS = YES;
				SWIFT_VERSION = 5.0;
				TARGETED_DEVICE_FAMILY = 1;
			};
			name = Release;
		};
/* End XCBuildConfiguration section */

/* Begin XCConfigurationList section */
		BC9812012921A8B60043ECA3 /* Build configuration list for PBXProject "YourFollowersOnGitHub" */ = {
			isa = XCConfigurationList;
			buildConfigurations = (
				BC9812182921A8B80043ECA3 /* Debug */,
				BC9812192921A8B80043ECA3 /* Release */,
			);
			defaultConfigurationIsVisible = 0;
			defaultConfigurationName = Release;
		};
		BC98121A2921A8B80043ECA3 /* Build configuration list for PBXNativeTarget "YourFollowersOnGitHub" */ = {
			isa = XCConfigurationList;
			buildConfigurations = (
				BC98121B2921A8B80043ECA3 /* Debug */,
				BC98121C2921A8B80043ECA3 /* Release */,
			);
			defaultConfigurationIsVisible = 0;
			defaultConfigurationName = Release;
		};
/* End XCConfigurationList section */
	};
	rootObject = BC9811FE2921A8B60043ECA3 /* Project object */;
}
